
Microsoft Visual Studio Solution File, Format Version 12.00
# Visual Studio Version 17
VisualStudioVersion = 17.10.35013.160
MinimumVisualStudioVersion = 10.0.40219.1
Project("{FAE04EC0-301F-11D3-BF4B-00C04F79EFBC}") = "ProjectAPI", "ProjectAPI\ProjectAPI.csproj", "{0EFFB625-A560-4E37-8154-6F749F562804}"
EndProject
Project("{FAE04EC0-301F-11D3-BF4B-00C04F79EFBC}") = "Core", "Core\Core.csproj", "{D2023408-F4ED-4509-BA0B-D4E493DFAE8C}"
EndProject
Project("{FAE04EC0-301F-11D3-BF4B-00C04F79EFBC}") = "Infrastructure", "Infrastructure\Infrastructure.csproj", "{89039A2D-A0ED-4192-9BD1-FD3B987D4196}"
EndProject
Global
	GlobalSection(SolutionConfigurationPlatforms) = preSolution
		Debug|Any CPU = Debug|Any CPU
		Release|Any CPU = Release|Any CPU
	EndGlobalSection
	GlobalSection(ProjectConfigurationPlatforms) = postSolution
		{0EFFB625-A560-4E37-8154-6F749F562804}.Debug|Any CPU.ActiveCfg = Debug|Any CPU
		{0EFFB625-A560-4E37-8154-6F749F562804}.Debug|Any CPU.Build.0 = Debug|Any CPU
		{0EFFB625-A560-4E37-8154-6F749F562804}.Release|Any CPU.ActiveCfg = Release|Any CPU
		{0EFFB625-A560-4E37-8154-6F749F562804}.Release|Any CPU.Build.0 = Release|Any CPU
		{D2023408-F4ED-4509-BA0B-D4E493DFAE8C}.Debug|Any CPU.ActiveCfg = Debug|Any CPU
		{D2023408-F4ED-4509-BA0B-D4E493DFAE8C}.Debug|Any CPU.Build.0 = Debug|Any CPU
		{D2023408-F4ED-4509-BA0B-D4E493DFAE8C}.Release|Any CPU.ActiveCfg = Release|Any CPU
		{D2023408-F4ED-4509-BA0B-D4E493DFAE8C}.Release|Any CPU.Build.0 = Release|Any CPU
		{89039A2D-A0ED-4192-9BD1-FD3B987D4196}.Debug|Any CPU.ActiveCfg = Debug|Any CPU
		{89039A2D-A0ED-4192-9BD1-FD3B987D4196}.Debug|Any CPU.Build.0 = Debug|Any CPU
		{89039A2D-A0ED-4192-9BD1-FD3B987D4196}.Release|Any CPU.ActiveCfg = Release|Any CPU
		{89039A2D-A0ED-4192-9BD1-FD3B987D4196}.Release|Any CPU.Build.0 = Release|Any CPU
	EndGlobalSection
	GlobalSection(SolutionProperties) = preSolution
		HideSolutionNode = FALSE
	EndGlobalSection
	GlobalSection(ExtensibilityGlobals) = postSolution
		SolutionGuid = {DB230D47-D855-4824-A32B-D6F84FD2DB1B}
	EndGlobalSection
EndGlobal
